
Microsoft Visual Studio Solution File, Format Version 12.00
# Visual Studio 15
VisualStudioVersion = 15.0.27130.2036
MinimumVisualStudioVersion = 10.0.40219.1
Project("{FAE04EC0-301F-11D3-BF4B-00C04F79EFBC}") = "DAO", "DAO\DAO.csproj", "{E4AC7899-15B3-4DD2-A790-393BAC89C678}"
EndProject
Project("{FAE04EC0-301F-11D3-BF4B-00C04F79EFBC}") = "DTO", "DTO\DTO.csproj", "{BD1154CA-83B1-4666-B483-7966C53E24D8}"
EndProject
Project("{FAE04EC0-301F-11D3-BF4B-00C04F79EFBC}") = "GUI", "GUI\GUI.csproj", "{AA848AC0-A938-4A15-9F71-29A0ED86A9CD}"
EndProject
Global
	GlobalSection(SolutionConfigurationPlatforms) = preSolution
		Debug|Any CPU = Debug|Any CPU
		Release|Any CPU = Release|Any CPU
	EndGlobalSection
	GlobalSection(ProjectConfigurationPlatforms) = postSolution
		{E4AC7899-15B3-4DD2-A790-393BAC89C678}.Debug|Any CPU.ActiveCfg = Debug|Any CPU
		{E4AC7899-15B3-4DD2-A790-393BAC89C678}.Debug|Any CPU.Build.0 = Debug|Any CPU
		{E4AC7899-15B3-4DD2-A790-393BAC89C678}.Release|Any CPU.ActiveCfg = Release|Any CPU
		{E4AC7899-15B3-4DD2-A790-393BAC89C678}.Release|Any CPU.Build.0 = Release|Any CPU
		{BD1154CA-83B1-4666-B483-7966C53E24D8}.Debug|Any CPU.ActiveCfg = Debug|Any CPU
		{BD1154CA-83B1-4666-B483-7966C53E24D8}.Debug|Any CPU.Build.0 = Debug|Any CPU
		{BD1154CA-83B1-4666-B483-7966C53E24D8}.Release|Any CPU.ActiveCfg = Release|Any CPU
		{BD1154CA-83B1-4666-B483-7966C53E24D8}.Release|Any CPU.Build.0 = Release|Any CPU
		{AA848AC0-A938-4A15-9F71-29A0ED86A9CD}.Debug|Any CPU.ActiveCfg = Debug|Any CPU
		{AA848AC0-A938-4A15-9F71-29A0ED86A9CD}.Debug|Any CPU.Build.0 = Debug|Any CPU
		{AA848AC0-A938-4A15-9F71-29A0ED86A9CD}.Release|Any CPU.ActiveCfg = Release|Any CPU
		{AA848AC0-A938-4A15-9F71-29A0ED86A9CD}.Release|Any CPU.Build.0 = Release|Any CPU
	EndGlobalSection
	GlobalSection(SolutionProperties) = preSolution
		HideSolutionNode = FALSE
	EndGlobalSection
	GlobalSection(ExtensibilityGlobals) = postSolution
		SolutionGuid = {42208A75-F288-4A8B-BE09-DBC440779376}
	EndGlobalSection
EndGlobal
